// !$*UTF8*$!
{
	archiveVersion = 1;
	classes = {
	};
	objectVersion = 50;
	objects = {

/* Begin PBXBuildFile section */
		04439ECA2495FB0800BECEE8 /* AppDelegate.swift in Sources */ = {isa = PBXBuildFile; fileRef = 04439EC92495FB0800BECEE8 /* AppDelegate.swift */; };
		04439ECC2495FB0800BECEE8 /* SceneDelegate.swift in Sources */ = {isa = PBXBuildFile; fileRef = 04439ECB2495FB0800BECEE8 /* SceneDelegate.swift */; };
		04439ECE2495FB0800BECEE8 /* ContentView.swift in Sources */ = {isa = PBXBuildFile; fileRef = 04439ECD2495FB0800BECEE8 /* ContentView.swift */; };
		04439ED02495FB0D00BECEE8 /* Assets.xcassets in Resources */ = {isa = PBXBuildFile; fileRef = 04439ECF2495FB0D00BECEE8 /* Assets.xcassets */; };
		04439ED32495FB0D00BECEE8 /* Preview Assets.xcassets in Resources */ = {isa = PBXBuildFile; fileRef = 04439ED22495FB0D00BECEE8 /* Preview Assets.xcassets */; };
		04439ED62495FB0D00BECEE8 /* LaunchScreen.storyboard in Resources */ = {isa = PBXBuildFile; fileRef = 04439ED42495FB0D00BECEE8 /* LaunchScreen.storyboard */; };
		04439EE12495FB0E00BECEE8 /* findmywayTests.swift in Sources */ = {isa = PBXBuildFile; fileRef = 04439EE02495FB0E00BECEE8 /* findmywayTests.swift */; };
		04439EEC2495FB0E00BECEE8 /* findmywayUITests.swift in Sources */ = {isa = PBXBuildFile; fileRef = 04439EEB2495FB0E00BECEE8 /* findmywayUITests.swift */; };
/* End PBXBuildFile section */

/* Begin PBXContainerItemProxy section */
		04439EDD2495FB0E00BECEE8 /* PBXContainerItemProxy */ = {
			isa = PBXContainerItemProxy;
			containerPortal = 04439EBE2495FB0800BECEE8 /* Project object */;
			proxyType = 1;
			remoteGlobalIDString = 04439EC52495FB0800BECEE8;
			remoteInfo = findmyway;
		};
		04439EE82495FB0E00BECEE8 /* PBXContainerItemProxy */ = {
			isa = PBXContainerItemProxy;
			containerPortal = 04439EBE2495FB0800BECEE8 /* Project object */;
			proxyType = 1;
			remoteGlobalIDString = 04439EC52495FB0800BECEE8;
			remoteInfo = findmyway;
		};
/* End PBXContainerItemProxy section */

/* Begin PBXFileReference section */
		04439EC62495FB0800BECEE8 /* findmyway.app */ = {isa = PBXFileReference; explicitFileType = wrapper.application; includeInIndex = 0; path = findmyway.app; sourceTree = BUILT_PRODUCTS_DIR; };
		04439EC92495FB0800BECEE8 /* AppDelegate.swift */ = {isa = PBXFileReference; lastKnownFileType = sourcecode.swift; path = AppDelegate.swift; sourceTree = "<group>"; };
		04439ECB2495FB0800BECEE8 /* SceneDelegate.swift */ = {isa = PBXFileReference; lastKnownFileType = sourcecode.swift; path = SceneDelegate.swift; sourceTree = "<group>"; };
		04439ECD2495FB0800BECEE8 /* ContentView.swift */ = {isa = PBXFileReference; lastKnownFileType = sourcecode.swift; path = ContentView.swift; sourceTree = "<group>"; };
		04439ECF2495FB0D00BECEE8 /* Assets.xcassets */ = {isa = PBXFileReference; lastKnownFileType = folder.assetcatalog; path = Assets.xcassets; sourceTree = "<group>"; };
		04439ED22495FB0D00BECEE8 /* Preview Assets.xcassets */ = {isa = PBXFileReference; lastKnownFileType = folder.assetcatalog; path = "Preview Assets.xcassets"; sourceTree = "<group>"; };
		04439ED52495FB0D00BECEE8 /* Base */ = {isa = PBXFileReference; lastKnownFileType = file.storyboard; name = Base; path = Base.lproj/LaunchScreen.storyboard; sourceTree = "<group>"; };
		04439ED72495FB0D00BECEE8 /* Info.plist */ = {isa = PBXFileReference; lastKnownFileType = text.plist.xml; path = Info.plist; sourceTree = "<group>"; };
		04439EDC2495FB0E00BECEE8 /* findmywayTests.xctest */ = {isa = PBXFileReference; explicitFileType = wrapper.cfbundle; includeInIndex = 0; path = findmywayTests.xctest; sourceTree = BUILT_PRODUCTS_DIR; };
		04439EE02495FB0E00BECEE8 /* findmywayTests.swift */ = {isa = PBXFileReference; lastKnownFileType = sourcecode.swift; path = findmywayTests.swift; sourceTree = "<group>"; };
		04439EE22495FB0E00BECEE8 /* Info.plist */ = {isa = PBXFileReference; lastKnownFileType = text.plist.xml; path = Info.plist; sourceTree = "<group>"; };
		04439EE72495FB0E00BECEE8 /* findmywayUITests.xctest */ = {isa = PBXFileReference; explicitFileType = wrapper.cfbundle; includeInIndex = 0; path = findmywayUITests.xctest; sourceTree = BUILT_PRODUCTS_DIR; };
		04439EEB2495FB0E00BECEE8 /* findmywayUITests.swift */ = {isa = PBXFileReference; lastKnownFileType = sourcecode.swift; path = findmywayUITests.swift; sourceTree = "<group>"; };
		04439EED2495FB0E00BECEE8 /* Info.plist */ = {isa = PBXFileReference; lastKnownFileType = text.plist.xml; path = Info.plist; sourceTree = "<group>"; };
/* End PBXFileReference section */

/* Begin PBXFrameworksBuildPhase section */
		04439EC32495FB0800BECEE8 /* Frameworks */ = {
			isa = PBXFrameworksBuildPhase;
			buildActionMask = 2147483647;
			files = (
			);
			runOnlyForDeploymentPostprocessing = 0;
		};
		04439ED92495FB0E00BECEE8 /* Frameworks */ = {
			isa = PBXFrameworksBuildPhase;
			buildActionMask = 2147483647;
			files = (
			);
			runOnlyForDeploymentPostprocessing = 0;
		};
		04439EE42495FB0E00BECEE8 /* Frameworks */ = {
			isa = PBXFrameworksBuildPhase;
			buildActionMask = 2147483647;
			files = (
			);
			runOnlyForDeploymentPostprocessing = 0;
		};
/* End PBXFrameworksBuildPhase section */

/* Begin PBXGroup section */
		04439EBD2495FB0800BECEE8 = {
			isa = PBXGroup;
			children = (
				04439EC82495FB0800BECEE8 /* findmyway */,
				04439EDF2495FB0E00BECEE8 /* findmywayTests */,
				04439EEA2495FB0E00BECEE8 /* findmywayUITests */,
				04439EC72495FB0800BECEE8 /* Products */,
			);
			sourceTree = "<group>";
		};
		04439EC72495FB0800BECEE8 /* Products */ = {
			isa = PBXGroup;
			children = (
				04439EC62495FB0800BECEE8 /* findmyway.app */,
				04439EDC2495FB0E00BECEE8 /* findmywayTests.xctest */,
				04439EE72495FB0E00BECEE8 /* findmywayUITests.xctest */,
			);
			name = Products;
			sourceTree = "<group>";
		};
		04439EC82495FB0800BECEE8 /* findmyway */ = {
			isa = PBXGroup;
			children = (
				04439EC92495FB0800BECEE8 /* AppDelegate.swift */,
				04439ECB2495FB0800BECEE8 /* SceneDelegate.swift */,
				04439ECD2495FB0800BECEE8 /* ContentView.swift */,
				04439ECF2495FB0D00BECEE8 /* Assets.xcassets */,
				04439ED42495FB0D00BECEE8 /* LaunchScreen.storyboard */,
				04439ED72495FB0D00BECEE8 /* Info.plist */,
				04439ED12495FB0D00BECEE8 /* Preview Content */,
			);
			path = findmyway;
			sourceTree = "<group>";
		};
		04439ED12495FB0D00BECEE8 /* Preview Content */ = {
			isa = PBXGroup;
			children = (
				04439ED22495FB0D00BECEE8 /* Preview Assets.xcassets */,
			);
			path = "Preview Content";
			sourceTree = "<group>";
		};
		04439EDF2495FB0E00BECEE8 /* findmywayTests */ = {
			isa = PBXGroup;
			children = (
				04439EE02495FB0E00BECEE8 /* findmywayTests.swift */,
				04439EE22495FB0E00BECEE8 /* Info.plist */,
			);
			path = findmywayTests;
			sourceTree = "<group>";
		};
		04439EEA2495FB0E00BECEE8 /* findmywayUITests */ = {
			isa = PBXGroup;
			children = (
				04439EEB2495FB0E00BECEE8 /* findmywayUITests.swift */,
				04439EED2495FB0E00BECEE8 /* Info.plist */,
			);
			path = findmywayUITests;
			sourceTree = "<group>";
		};
/* End PBXGroup section */

/* Begin PBXNativeTarget section */
		04439EC52495FB0800BECEE8 /* findmyway */ = {
			isa = PBXNativeTarget;
			buildConfigurationList = 04439EF02495FB0E00BECEE8 /* Build configuration list for PBXNativeTarget "findmyway" */;
			buildPhases = (
				04439EC22495FB0800BECEE8 /* Sources */,
				04439EC32495FB0800BECEE8 /* Frameworks */,
				04439EC42495FB0800BECEE8 /* Resources */,
			);
			buildRules = (
			);
			dependencies = (
			);
			name = findmyway;
			productName = findmyway;
			productReference = 04439EC62495FB0800BECEE8 /* findmyway.app */;
			productType = "com.apple.product-type.application";
		};
		04439EDB2495FB0E00BECEE8 /* findmywayTests */ = {
			isa = PBXNativeTarget;
			buildConfigurationList = 04439EF32495FB0E00BECEE8 /* Build configuration list for PBXNativeTarget "findmywayTests" */;
			buildPhases = (
				04439ED82495FB0E00BECEE8 /* Sources */,
				04439ED92495FB0E00BECEE8 /* Frameworks */,
				04439EDA2495FB0E00BECEE8 /* Resources */,
			);
			buildRules = (
			);
			dependencies = (
				04439EDE2495FB0E00BECEE8 /* PBXTargetDependency */,
			);
			name = findmywayTests;
			productName = findmywayTests;
			productReference = 04439EDC2495FB0E00BECEE8 /* findmywayTests.xctest */;
			productType = "com.apple.product-type.bundle.unit-test";
		};
		04439EE62495FB0E00BECEE8 /* findmywayUITests */ = {
			isa = PBXNativeTarget;
			buildConfigurationList = 04439EF62495FB0E00BECEE8 /* Build configuration list for PBXNativeTarget "findmywayUITests" */;
			buildPhases = (
				04439EE32495FB0E00BECEE8 /* Sources */,
				04439EE42495FB0E00BECEE8 /* Frameworks */,
				04439EE52495FB0E00BECEE8 /* Resources */,
			);
			buildRules = (
			);
			dependencies = (
				04439EE92495FB0E00BECEE8 /* PBXTargetDependency */,
			);
			name = findmywayUITests;
			productName = findmywayUITests;
			productReference = 04439EE72495FB0E00BECEE8 /* findmywayUITests.xctest */;
			productType = "com.apple.product-type.bundle.ui-testing";
		};
/* End PBXNativeTarget section */

/* Begin PBXProject section */
		04439EBE2495FB0800BECEE8 /* Project object */ = {
			isa = PBXProject;
			attributes = {
				LastSwiftUpdateCheck = 1150;
				LastUpgradeCheck = 1150;
				ORGANIZATIONNAME = Mac;
				TargetAttributes = {
					04439EC52495FB0800BECEE8 = {
						CreatedOnToolsVersion = 11.5;
					};
					04439EDB2495FB0E00BECEE8 = {
						CreatedOnToolsVersion = 11.5;
						TestTargetID = 04439EC52495FB0800BECEE8;
					};
					04439EE62495FB0E00BECEE8 = {
						CreatedOnToolsVersion = 11.5;
						TestTargetID = 04439EC52495FB0800BECEE8;
					};
				};
			};
			buildConfigurationList = 04439EC12495FB0800BECEE8 /* Build configuration list for PBXProject "findmyway" */;
			compatibilityVersion = "Xcode 9.3";
			developmentRegion = en;
			hasScannedForEncodings = 0;
			knownRegions = (
				en,
				Base,
			);
			mainGroup = 04439EBD2495FB0800BECEE8;
			productRefGroup = 04439EC72495FB0800BECEE8 /* Products */;
			projectDirPath = "";
			projectRoot = "";
			targets = (
				04439EC52495FB0800BECEE8 /* findmyway */,
				04439EDB2495FB0E00BECEE8 /* findmywayTests */,
				04439EE62495FB0E00BECEE8 /* findmywayUITests */,
			);
		};
/* End PBXProject section */

/* Begin PBXResourcesBuildPhase section */
		04439EC42495FB0800BECEE8 /* Resources */ = {
			isa = PBXResourcesBuildPhase;
			buildActionMask = 2147483647;
			files = (
				04439ED62495FB0D00BECEE8 /* LaunchScreen.storyboard in Resources */,
				04439ED32495FB0D00BECEE8 /* Preview Assets.xcassets in Resources */,
				04439ED02495FB0D00BECEE8 /* Assets.xcassets in Resources */,
			);
			runOnlyForDeploymentPostprocessing = 0;
		};
		04439EDA2495FB0E00BECEE8 /* Resources */ = {
			isa = PBXResourcesBuildPhase;
			buildActionMask = 2147483647;
			files = (
			);
			runOnlyForDeploymentPostprocessing = 0;
		};
		04439EE52495FB0E00BECEE8 /* Resources */ = {
			isa = PBXResourcesBuildPhase;
			buildActionMask = 2147483647;
			files = (
			);
			runOnlyForDeploymentPostprocessing = 0;
		};
/* End PBXResourcesBuildPhase section */

/* Begin PBXSourcesBuildPhase section */
		04439EC22495FB0800BECEE8 /* Sources */ = {
			isa = PBXSourcesBuildPhase;
			buildActionMask = 2147483647;
			files = (
				04439ECA2495FB0800BECEE8 /* AppDelegate.swift in Sources */,
				04439ECC2495FB0800BECEE8 /* SceneDelegate.swift in Sources */,
				04439ECE2495FB0800BECEE8 /* ContentView.swift in Sources */,
			);
			runOnlyForDeploymentPostprocessing = 0;
		};
		04439ED82495FB0E00BECEE8 /* Sources */ = {
			isa = PBXSourcesBuildPhase;
			buildActionMask = 2147483647;
			files = (
				04439EE12495FB0E00BECEE8 /* findmywayTests.swift in Sources */,
			);
			runOnlyForDeploymentPostprocessing = 0;
		};
		04439EE32495FB0E00BECEE8 /* Sources */ = {
			isa = PBXSourcesBuildPhase;
			buildActionMask = 2147483647;
			files = (
				04439EEC2495FB0E00BECEE8 /* findmywayUITests.swift in Sources */,
			);
			runOnlyForDeploymentPostprocessing = 0;
		};
/* End PBXSourcesBuildPhase section */

/* Begin PBXTargetDependency section */
		04439EDE2495FB0E00BECEE8 /* PBXTargetDependency */ = {
			isa = PBXTargetDependency;
			target = 04439EC52495FB0800BECEE8 /* findmyway */;
			targetProxy = 04439EDD2495FB0E00BECEE8 /* PBXContainerItemProxy */;
		};
		04439EE92495FB0E00BECEE8 /* PBXTargetDependency */ = {
			isa = PBXTargetDependency;
			target = 04439EC52495FB0800BECEE8 /* findmyway */;
			targetProxy = 04439EE82495FB0E00BECEE8 /* PBXContainerItemProxy */;
		};
/* End PBXTargetDependency section */

/* Begin PBXVariantGroup section */
		04439ED42495FB0D00BECEE8 /* LaunchScreen.storyboard */ = {
			isa = PBXVariantGroup;
			children = (
				04439ED52495FB0D00BECEE8 /* Base */,
			);
			name = LaunchScreen.storyboard;
			sourceTree = "<group>";
		};
/* End PBXVariantGroup section */

/* Begin XCBuildConfiguration section */
		04439EEE2495FB0E00BECEE8 /* Debug */ = {
			isa = XCBuildConfiguration;
			buildSettings = {
				ALWAYS_SEARCH_USER_PATHS = NO;
				CLANG_ANALYZER_NONNULL = YES;
				CLANG_ANALYZER_NUMBER_OBJECT_CONVERSION = YES_AGGRESSIVE;
				CLANG_CXX_LANGUAGE_STANDARD = "gnu++14";
				CLANG_CXX_LIBRARY = "libc++";
				CLANG_ENABLE_MODULES = YES;
				CLANG_ENABLE_OBJC_ARC = YES;
				CLANG_ENABLE_OBJC_WEAK = YES;
				CLANG_WARN_BLOCK_CAPTURE_AUTORELEASING = YES;
				CLANG_WARN_BOOL_CONVERSION = YES;
				CLANG_WARN_COMMA = YES;
				CLANG_WARN_CONSTANT_CONVERSION = YES;
				CLANG_WARN_DEPRECATED_OBJC_IMPLEMENTATIONS = YES;
				CLANG_WARN_DIRECT_OBJC_ISA_USAGE = YES_ERROR;
				CLANG_WARN_DOCUMENTATION_COMMENTS = YES;
				CLANG_WARN_EMPTY_BODY = YES;
				CLANG_WARN_ENUM_CONVERSION = YES;
				CLANG_WARN_INFINITE_RECURSION = YES;
				CLANG_WARN_INT_CONVERSION = YES;
				CLANG_WARN_NON_LITERAL_NULL_CONVERSION = YES;
				CLANG_WARN_OBJC_IMPLICIT_RETAIN_SELF = YES;
				CLANG_WARN_OBJC_LITERAL_CONVERSION = YES;
				CLANG_WARN_OBJC_ROOT_CLASS = YES_ERROR;
				CLANG_WARN_RANGE_LOOP_ANALYSIS = YES;
				CLANG_WARN_STRICT_PROTOTYPES = YES;
				CLANG_WARN_SUSPICIOUS_MOVE = YES;
				CLANG_WARN_UNGUARDED_AVAILABILITY = YES_AGGRESSIVE;
				CLANG_WARN_UNREACHABLE_CODE = YES;
				CLANG_WARN__DUPLICATE_METHOD_MATCH = YES;
				COPY_PHASE_STRIP = NO;
				DEBUG_INFORMATION_FORMAT = dwarf;
				ENABLE_STRICT_OBJC_MSGSEND = YES;
				ENABLE_TESTABILITY = YES;
				GCC_C_LANGUAGE_STANDARD = gnu11;
				GCC_DYNAMIC_NO_PIC = NO;
				GCC_NO_COMMON_BLOCKS = YES;
				GCC_OPTIMIZATION_LEVEL = 0;
				GCC_PREPROCESSOR_DEFINITIONS = (
					"DEBUG=1",
					"$(inherited)",
				);
				GCC_WARN_64_TO_32_BIT_CONVERSION = YES;
				GCC_WARN_ABOUT_RETURN_TYPE = YES_ERROR;
				GCC_WARN_UNDECLARED_SELECTOR = YES;
				GCC_WARN_UNINITIALIZED_AUTOS = YES_AGGRESSIVE;
				GCC_WARN_UNUSED_FUNCTION = YES;
				GCC_WARN_UNUSED_VARIABLE = YES;
				IPHONEOS_DEPLOYMENT_TARGET = 13.5;
				MTL_ENABLE_DEBUG_INFO = INCLUDE_SOURCE;
				MTL_FAST_MATH = YES;
				ONLY_ACTIVE_ARCH = YES;
				SDKROOT = iphoneos;
				SWIFT_ACTIVE_COMPILATION_CONDITIONS = DEBUG;
				SWIFT_OPTIMIZATION_LEVEL = "-Onone";
			};
			name = Debug;
		};
		04439EEF2495FB0E00BECEE8 /* Release */ = {
			isa = XCBuildConfiguration;
			buildSettings = {
				ALWAYS_SEARCH_USER_PATHS = NO;
				CLANG_ANALYZER_NONNULL = YES;
				CLANG_ANALYZER_NUMBER_OBJECT_CONVERSION = YES_AGGRESSIVE;
				CLANG_CXX_LANGUAGE_STANDARD = "gnu++14";
				CLANG_CXX_LIBRARY = "libc++";
				CLANG_ENABLE_MODULES = YES;
				CLANG_ENABLE_OBJC_ARC = YES;
				CLANG_ENABLE_OBJC_WEAK = YES;
				CLANG_WARN_BLOCK_CAPTURE_AUTORELEASING = YES;
				CLANG_WARN_BOOL_CONVERSION = YES;
				CLANG_WARN_COMMA = YES;
				CLANG_WARN_CONSTANT_CONVERSION = YES;
				CLANG_WARN_DEPRECATED_OBJC_IMPLEMENTATIONS = YES;
				CLANG_WARN_DIRECT_OBJC_ISA_USAGE = YES_ERROR;
				CLANG_WARN_DOCUMENTATION_COMMENTS = YES;
				CLANG_WARN_EMPTY_BODY = YES;
				CLANG_WARN_ENUM_CONVERSION = YES;
				CLANG_WARN_INFINITE_RECURSION = YES;
				CLANG_WARN_INT_CONVERSION = YES;
				CLANG_WARN_NON_LITERAL_NULL_CONVERSION = YES;
				CLANG_WARN_OBJC_IMPLICIT_RETAIN_SELF = YES;
				CLANG_WARN_OBJC_LITERAL_CONVERSION = YES;
				CLANG_WARN_OBJC_ROOT_CLASS = YES_ERROR;
				CLANG_WARN_RANGE_LOOP_ANALYSIS = YES;
				CLANG_WARN_STRICT_PROTOTYPES = YES;
				CLANG_WARN_SUSPICIOUS_MOVE = YES;
				CLANG_WARN_UNGUARDED_AVAILABILITY = YES_AGGRESSIVE;
				CLANG_WARN_UNREACHABLE_CODE = YES;
				CLANG_WARN__DUPLICATE_METHOD_MATCH = YES;
				COPY_PHASE_STRIP = NO;
				DEBUG_INFORMATION_FORMAT = "dwarf-with-dsym";
				ENABLE_NS_ASSERTIONS = NO;
				ENABLE_STRICT_OBJC_MSGSEND = YES;
				GCC_C_LANGUAGE_STANDARD = gnu11;
				GCC_NO_COMMON_BLOCKS = YES;
				GCC_WARN_64_TO_32_BIT_CONVERSION = YES;
				GCC_WARN_ABOUT_RETURN_TYPE = YES_ERROR;
				GCC_WARN_UNDECLARED_SELECTOR = YES;
				GCC_WARN_UNINITIALIZED_AUTOS = YES_AGGRESSIVE;
				GCC_WARN_UNUSED_FUNCTION = YES;
				GCC_WARN_UNUSED_VARIABLE = YES;
				IPHONEOS_DEPLOYMENT_TARGET = 13.5;
				MTL_ENABLE_DEBUG_INFO = NO;
				MTL_FAST_MATH = YES;
				SDKROOT = iphoneos;
				SWIFT_COMPILATION_MODE = wholemodule;
				SWIFT_OPTIMIZATION_LEVEL = "-O";
				VALIDATE_PRODUCT = YES;
			};
			name = Release;
		};
		04439EF12495FB0E00BECEE8 /* Debug */ = {
			isa = XCBuildConfiguration;
			buildSettings = {
				ASSETCATALOG_COMPILER_APPICON_NAME = AppIcon;
				CODE_SIGN_STYLE = Automatic;
				DEVELOPMENT_ASSET_PATHS = "\"findmyway/Preview Content\"";
				ENABLE_PREVIEWS = YES;
				INFOPLIST_FILE = findmyway/Info.plist;
				LD_RUNPATH_SEARCH_PATHS = (
					"$(inherited)",
					"@executable_path/Frameworks",
				);
				PRODUCT_BUNDLE_IDENTIFIER = gagan.findmyway;
				PRODUCT_NAME = "$(TARGET_NAME)";
				SWIFT_VERSION = 5.0;
				TARGETED_DEVICE_FAMILY = "1,2";
			};
			name = Debug;
		};
		04439EF22495FB0E00BECEE8 /* Release */ = {
			isa = XCBuildConfiguration;
			buildSettings = {
				ASSETCATALOG_COMPILER_APPICON_NAME = AppIcon;
				CODE_SIGN_STYLE = Automatic;
				DEVELOPMENT_ASSET_PATHS = "\"findmyway/Preview Content\"";
				ENABLE_PREVIEWS = YES;
				INFOPLIST_FILE = findmyway/Info.plist;
				LD_RUNPATH_SEARCH_PATHS = (
					"$(inherited)",
					"@executable_path/Frameworks",
				);
				PRODUCT_BUNDLE_IDENTIFIER = gagan.findmyway;
				PRODUCT_NAME = "$(TARGET_NAME)";
				SWIFT_VERSION = 5.0;
				TARGETED_DEVICE_FAMILY = "1,2";
			};
			name = Release;
		};
		04439EF42495FB0E00BECEE8 /* Debug */ = {
			isa = XCBuildConfiguration;
			buildSettings = {
				ALWAYS_EMBED_SWIFT_STANDARD_LIBRARIES = YES;
				BUNDLE_LOADER = "$(TEST_HOST)";
				CODE_SIGN_STYLE = Automatic;
				INFOPLIST_FILE = findmywayTests/Info.plist;
				IPHONEOS_DEPLOYMENT_TARGET = 13.5;
				LD_RUNPATH_SEARCH_PATHS = (
					"$(inherited)",
					"@executable_path/Frameworks",
					"@loader_path/Frameworks",
				);
				PRODUCT_BUNDLE_IDENTIFIER = gagan.findmywayTests;
				PRODUCT_NAME = "$(TARGET_NAME)";
				SWIFT_VERSION = 5.0;
				TARGETED_DEVICE_FAMILY = "1,2";
				TEST_HOST = "$(BUILT_PRODUCTS_DIR)/findmyway.app/findmyway";
			};
			name = Debug;
		};
		04439EF52495FB0E00BECEE8 /* Release */ = {
			isa = XCBuildConfiguration;
			buildSettings = {
				ALWAYS_EMBED_SWIFT_STANDARD_LIBRARIES = YES;
				BUNDLE_LOADER = "$(TEST_HOST)";
				CODE_SIGN_STYLE = Automatic;
				INFOPLIST_FILE = findmywayTests/Info.plist;
				IPHONEOS_DEPLOYMENT_TARGET = 13.5;
				LD_RUNPATH_SEARCH_PATHS = (
					"$(inherited)",
					"@executable_path/Frameworks",
					"@loader_path/Frameworks",
				);
				PRODUCT_BUNDLE_IDENTIFIER = gagan.findmywayTests;
				PRODUCT_NAME = "$(TARGET_NAME)";
				SWIFT_VERSION = 5.0;
				TARGETED_DEVICE_FAMILY = "1,2";
				TEST_HOST = "$(BUILT_PRODUCTS_DIR)/findmyway.app/findmyway";
			};
			name = Release;
		};
		04439EF72495FB0E00BECEE8 /* Debug */ = {
			isa = XCBuildConfiguration;
			buildSettings = {
				ALWAYS_EMBED_SWIFT_STANDARD_LIBRARIES = YES;
				CODE_SIGN_STYLE = Automatic;
				INFOPLIST_FILE = findmywayUITests/Info.plist;
				LD_RUNPATH_SEARCH_PATHS = (
					"$(inherited)",
					"@executable_path/Frameworks",
					"@loader_path/Frameworks",
				);
				PRODUCT_BUNDLE_IDENTIFIER = gagan.findmywayUITests;
				PRODUCT_NAME = "$(TARGET_NAME)";
				SWIFT_VERSION = 5.0;
				TARGETED_DEVICE_FAMILY = "1,2";
				TEST_TARGET_NAME = findmyway;
			};
			name = Debug;
		};
		04439EF82495FB0E00BECEE8 /* Release */ = {
			isa = XCBuildConfiguration;
			buildSettings = {
				ALWAYS_EMBED_SWIFT_STANDARD_LIBRARIES = YES;
				CODE_SIGN_STYLE = Automatic;
				INFOPLIST_FILE = findmywayUITests/Info.plist;
				LD_RUNPATH_SEARCH_PATHS = (
					"$(inherited)",
					"@executable_path/Frameworks",
					"@loader_path/Frameworks",
				);
				PRODUCT_BUNDLE_IDENTIFIER = gagan.findmywayUITests;
				PRODUCT_NAME = "$(TARGET_NAME)";
				SWIFT_VERSION = 5.0;
				TARGETED_DEVICE_FAMILY = "1,2";
				TEST_TARGET_NAME = findmyway;
			};
			name = Release;
		};
/* End XCBuildConfiguration section */

/* Begin XCConfigurationList section */
		04439EC12495FB0800BECEE8 /* Build configuration list for PBXProject "findmyway" */ = {
			isa = XCConfigurationList;
			buildConfigurations = (
				04439EEE2495FB0E00BECEE8 /* Debug */,
				04439EEF2495FB0E00BECEE8 /* Release */,
			);
			defaultConfigurationIsVisible = 0;
			defaultConfigurationName = Release;
		};
		04439EF02495FB0E00BECEE8 /* Build configuration list for PBXNativeTarget "findmyway" */ = {
			isa = XCConfigurationList;
			buildConfigurations = (
				04439EF12495FB0E00BECEE8 /* Debug */,
				04439EF22495FB0E00BECEE8 /* Release */,
			);
			defaultConfigurationIsVisible = 0;
			defaultConfigurationName = Release;
		};
		04439EF32495FB0E00BECEE8 /* Build configuration list for PBXNativeTarget "findmywayTests" */ = {
			isa = XCConfigurationList;
			buildConfigurations = (
				04439EF42495FB0E00BECEE8 /* Debug */,
				04439EF52495FB0E00BECEE8 /* Release */,
			);
			defaultConfigurationIsVisible = 0;
			defaultConfigurationName = Release;
		};
		04439EF62495FB0E00BECEE8 /* Build configuration list for PBXNativeTarget "findmywayUITests" */ = {
			isa = XCConfigurationList;
			buildConfigurations = (
				04439EF72495FB0E00BECEE8 /* Debug */,
				04439EF82495FB0E00BECEE8 /* Release */,
			);
			defaultConfigurationIsVisible = 0;
			defaultConfigurationName = Release;
		};
/* End XCConfigurationList section */
	};
	rootObject = 04439EBE2495FB0800BECEE8 /* Project object */;
}
